
Microsoft Visual Studio Solution File, Format Version 12.00
# Visual Studio Version 16
VisualStudioVersion = 16.0.30804.86
MinimumVisualStudioVersion = 10.0.40219.1
Project("{9A19103F-16F7-4668-BE54-9A1E7A4F7556}") = "FORCEBuild", "ForceBuild\FORCEBuild.csproj", "{96B3811C-7F33-4E01-96D7-59A7BF54CEC2}"
EndProject
Project("{9A19103F-16F7-4668-BE54-9A1E7A4F7556}") = "FORCEBuild.Net", "FORCEBuild.Message\FORCEBuild.Net.csproj", "{A10C74FC-4375-456F-9EB3-30C4101F8CF4}"
EndProject
Project("{9A19103F-16F7-4668-BE54-9A1E7A4F7556}") = "FORCEBuild.Persistence", "FORCEBuild.ORM\FORCEBuild.Persistence.csproj", "{C745CD20-7410-4CFB-8A61-BF6474791E10}"
EndProject
Project("{9A19103F-16F7-4668-BE54-9A1E7A4F7556}") = "FORCEBuild.UI.WinForm", "FORCEBuild.UI.WinForm\FORCEBuild.UI.WinForm.csproj", "{736D534B-831D-45F5-80DC-DE916CFD50DB}"
EndProject
Project("{9A19103F-16F7-4668-BE54-9A1E7A4F7556}") = "FORCEBuild.Windows", "FORCEBuild.Windows\FORCEBuild.Windows.csproj", "{DAF4656A-867C-4512-B7F7-456293343D02}"
EndProject
Project("{FAE04EC0-301F-11D3-BF4B-00C04F79EFBC}") = "FrameworkTest", "FrameworkTest\FrameworkTest.csproj", "{2C9B98FD-70EB-48A3-BFAC-D941E0D1B6CF}"
EndProject
Project("{2150E333-8FDC-42A3-9474-1A3956D46DE8}") = "PluginTest", "PluginTest", "{1A09DC89-E3AB-4CB4-A029-8CB93F1F40AE}"
EndProject
Project("{FAE04EC0-301F-11D3-BF4B-00C04F79EFBC}") = "PluginInterface", "InterfaceDefine\PluginInterface.csproj", "{5235EC26-C303-4402-89F3-8840E924DAF5}"
EndProject
Project("{FAE04EC0-301F-11D3-BF4B-00C04F79EFBC}") = "PluginImplement", "Implement\PluginImplement.csproj", "{4849F554-5C0C-4096-AB23-5849D306B768}"
EndProject
Project("{FAE04EC0-301F-11D3-BF4B-00C04F79EFBC}") = "TestProject", "TestProject\TestProject.csproj", "{72D3B1A9-5971-479A-94AF-9082CB5F0E0E}"
EndProject
Global
	GlobalSection(SolutionConfigurationPlatforms) = preSolution
		Debug|Any CPU = Debug|Any CPU
		Release|Any CPU = Release|Any CPU
	EndGlobalSection
	GlobalSection(ProjectConfigurationPlatforms) = postSolution
		{96B3811C-7F33-4E01-96D7-59A7BF54CEC2}.Debug|Any CPU.ActiveCfg = Debug|Any CPU
		{96B3811C-7F33-4E01-96D7-59A7BF54CEC2}.Debug|Any CPU.Build.0 = Debug|Any CPU
		{96B3811C-7F33-4E01-96D7-59A7BF54CEC2}.Release|Any CPU.ActiveCfg = Release|Any CPU
		{96B3811C-7F33-4E01-96D7-59A7BF54CEC2}.Release|Any CPU.Build.0 = Release|Any CPU
		{A10C74FC-4375-456F-9EB3-30C4101F8CF4}.Debug|Any CPU.ActiveCfg = Debug|Any CPU
		{A10C74FC-4375-456F-9EB3-30C4101F8CF4}.Debug|Any CPU.Build.0 = Debug|Any CPU
		{A10C74FC-4375-456F-9EB3-30C4101F8CF4}.Release|Any CPU.ActiveCfg = Release|Any CPU
		{A10C74FC-4375-456F-9EB3-30C4101F8CF4}.Release|Any CPU.Build.0 = Release|Any CPU
		{C745CD20-7410-4CFB-8A61-BF6474791E10}.Debug|Any CPU.ActiveCfg = Debug|Any CPU
		{C745CD20-7410-4CFB-8A61-BF6474791E10}.Debug|Any CPU.Build.0 = Debug|Any CPU
		{C745CD20-7410-4CFB-8A61-BF6474791E10}.Release|Any CPU.ActiveCfg = Release|Any CPU
		{C745CD20-7410-4CFB-8A61-BF6474791E10}.Release|Any CPU.Build.0 = Release|Any CPU
		{736D534B-831D-45F5-80DC-DE916CFD50DB}.Debug|Any CPU.ActiveCfg = Debug|Any CPU
		{736D534B-831D-45F5-80DC-DE916CFD50DB}.Debug|Any CPU.Build.0 = Debug|Any CPU
		{736D534B-831D-45F5-80DC-DE916CFD50DB}.Release|Any CPU.ActiveCfg = Release|Any CPU
		{736D534B-831D-45F5-80DC-DE916CFD50DB}.Release|Any CPU.Build.0 = Release|Any CPU
		{DAF4656A-867C-4512-B7F7-456293343D02}.Debug|Any CPU.ActiveCfg = Debug|Any CPU
		{DAF4656A-867C-4512-B7F7-456293343D02}.Debug|Any CPU.Build.0 = Debug|Any CPU
		{DAF4656A-867C-4512-B7F7-456293343D02}.Release|Any CPU.ActiveCfg = Release|Any CPU
		{DAF4656A-867C-4512-B7F7-456293343D02}.Release|Any CPU.Build.0 = Release|Any CPU
		{2C9B98FD-70EB-48A3-BFAC-D941E0D1B6CF}.Debug|Any CPU.ActiveCfg = Debug|Any CPU
		{2C9B98FD-70EB-48A3-BFAC-D941E0D1B6CF}.Debug|Any CPU.Build.0 = Debug|Any CPU
		{2C9B98FD-70EB-48A3-BFAC-D941E0D1B6CF}.Release|Any CPU.ActiveCfg = Release|Any CPU
		{2C9B98FD-70EB-48A3-BFAC-D941E0D1B6CF}.Release|Any CPU.Build.0 = Release|Any CPU
		{5235EC26-C303-4402-89F3-8840E924DAF5}.Debug|Any CPU.ActiveCfg = Debug|Any CPU
		{5235EC26-C303-4402-89F3-8840E924DAF5}.Debug|Any CPU.Build.0 = Debug|Any CPU
		{5235EC26-C303-4402-89F3-8840E924DAF5}.Release|Any CPU.ActiveCfg = Release|Any CPU
		{5235EC26-C303-4402-89F3-8840E924DAF5}.Release|Any CPU.Build.0 = Release|Any CPU
		{4849F554-5C0C-4096-AB23-5849D306B768}.Debug|Any CPU.ActiveCfg = Debug|Any CPU
		{4849F554-5C0C-4096-AB23-5849D306B768}.Debug|Any CPU.Build.0 = Debug|Any CPU
		{4849F554-5C0C-4096-AB23-5849D306B768}.Release|Any CPU.ActiveCfg = Release|Any CPU
		{4849F554-5C0C-4096-AB23-5849D306B768}.Release|Any CPU.Build.0 = Release|Any CPU
		{72D3B1A9-5971-479A-94AF-9082CB5F0E0E}.Debug|Any CPU.ActiveCfg = Debug|Any CPU
		{72D3B1A9-5971-479A-94AF-9082CB5F0E0E}.Debug|Any CPU.Build.0 = Debug|Any CPU
		{72D3B1A9-5971-479A-94AF-9082CB5F0E0E}.Release|Any CPU.ActiveCfg = Release|Any CPU
		{72D3B1A9-5971-479A-94AF-9082CB5F0E0E}.Release|Any CPU.Build.0 = Release|Any CPU
	EndGlobalSection
	GlobalSection(SolutionProperties) = preSolution
		HideSolutionNode = FALSE
	EndGlobalSection
	GlobalSection(NestedProjects) = preSolution
		{2C9B98FD-70EB-48A3-BFAC-D941E0D1B6CF} = {1A09DC89-E3AB-4CB4-A029-8CB93F1F40AE}
		{5235EC26-C303-4402-89F3-8840E924DAF5} = {1A09DC89-E3AB-4CB4-A029-8CB93F1F40AE}
		{4849F554-5C0C-4096-AB23-5849D306B768} = {1A09DC89-E3AB-4CB4-A029-8CB93F1F40AE}
	EndGlobalSection
	GlobalSection(ExtensibilityGlobals) = postSolution
		SolutionGuid = {0CAD7282-2835-40F3-B872-96728C490A3E}
	EndGlobalSection
EndGlobal
