
Microsoft Visual Studio Solution File, Format Version 12.00
# Visual Studio Version 16
VisualStudioVersion = 16.0.30804.86
MinimumVisualStudioVersion = 10.0.40219.1
Project("{9A19103F-16F7-4668-BE54-9A1E7A4F7556}") = "FORCEBuild", "ForceBuild\FORCEBuild.csproj", "{96B3811C-7F33-4E01-96D7-59A7BF54CEC2}"
EndProject
Project("{9A19103F-16F7-4668-BE54-9A1E7A4F7556}") = "FORCEBuild.Net", "FORCEBuild.Message\FORCEBuild.Net.csproj", "{A10C74FC-4375-456F-9EB3-30C4101F8CF4}"
EndProject
Project("{9A19103F-16F7-4668-BE54-9A1E7A4F7556}") = "FORCEBuild.Persistence", "FORCEBuild.ORM\FORCEBuild.Persistence.csproj", "{C745CD20-7410-4CFB-8A61-BF6474791E10}"
EndProject
Project("{9A19103F-16F7-4668-BE54-9A1E7A4F7556}") = "FORCEBuild.UI.WinForm", "FORCEBuild.UI.WinForm\FORCEBuild.UI.WinForm.csproj", "{736D534B-831D-45F5-80DC-DE916CFD50DB}"
EndProject
Project("{FAE04EC0-301F-11D3-BF4B-00C04F79EFBC}") = "FORCEBuild.Windows", "FORCEBuild.Windows\FORCEBuild.Windows.csproj", "{DAF4656A-867C-4512-B7F7-456293343D02}"
EndProject
Global
	GlobalSection(SolutionConfigurationPlatforms) = preSolution
		Debug|Any CPU = Debug|Any CPU
		Release|Any CPU = Release|Any CPU
	EndGlobalSection
	GlobalSection(ProjectConfigurationPlatforms) = postSolution
		{96B3811C-7F33-4E01-96D7-59A7BF54CEC2}.Debug|Any CPU.ActiveCfg = Debug|Any CPU
		{96B3811C-7F33-4E01-96D7-59A7BF54CEC2}.Debug|Any CPU.Build.0 = Debug|Any CPU
		{96B3811C-7F33-4E01-96D7-59A7BF54CEC2}.Release|Any CPU.ActiveCfg = Release|Any CPU
		{96B3811C-7F33-4E01-96D7-59A7BF54CEC2}.Release|Any CPU.Build.0 = Release|Any CPU
		{A10C74FC-4375-456F-9EB3-30C4101F8CF4}.Debug|Any CPU.ActiveCfg = Debug|Any CPU
		{A10C74FC-4375-456F-9EB3-30C4101F8CF4}.Debug|Any CPU.Build.0 = Debug|Any CPU
		{A10C74FC-4375-456F-9EB3-30C4101F8CF4}.Release|Any CPU.ActiveCfg = Release|Any CPU
		{A10C74FC-4375-456F-9EB3-30C4101F8CF4}.Release|Any CPU.Build.0 = Release|Any CPU
		{C745CD20-7410-4CFB-8A61-BF6474791E10}.Debug|Any CPU.ActiveCfg = Debug|Any CPU
		{C745CD20-7410-4CFB-8A61-BF6474791E10}.Debug|Any CPU.Build.0 = Debug|Any CPU
		{C745CD20-7410-4CFB-8A61-BF6474791E10}.Release|Any CPU.ActiveCfg = Release|Any CPU
		{C745CD20-7410-4CFB-8A61-BF6474791E10}.Release|Any CPU.Build.0 = Release|Any CPU
		{736D534B-831D-45F5-80DC-DE916CFD50DB}.Debug|Any CPU.ActiveCfg = Debug|Any CPU
		{736D534B-831D-45F5-80DC-DE916CFD50DB}.Debug|Any CPU.Build.0 = Debug|Any CPU
		{736D534B-831D-45F5-80DC-DE916CFD50DB}.Release|Any CPU.ActiveCfg = Release|Any CPU
		{736D534B-831D-45F5-80DC-DE916CFD50DB}.Release|Any CPU.Build.0 = Release|Any CPU
		{DAF4656A-867C-4512-B7F7-456293343D02}.Debug|Any CPU.ActiveCfg = Debug|Any CPU
		{DAF4656A-867C-4512-B7F7-456293343D02}.Debug|Any CPU.Build.0 = Debug|Any CPU
		{DAF4656A-867C-4512-B7F7-456293343D02}.Release|Any CPU.ActiveCfg = Release|Any CPU
		{DAF4656A-867C-4512-B7F7-456293343D02}.Release|Any CPU.Build.0 = Release|Any CPU
	EndGlobalSection
	GlobalSection(SolutionProperties) = preSolution
		HideSolutionNode = FALSE
	EndGlobalSection
	GlobalSection(ExtensibilityGlobals) = postSolution
		SolutionGuid = {0CAD7282-2835-40F3-B872-96728C490A3E}
	EndGlobalSection
EndGlobal
